// !$*UTF8*$!
{
	archiveVersion = 1;
	classes = {
	};
	objectVersion = 46;
	objects = {

/* Begin PBXBuildFile section */
		6812953D1A5D864B003483A9 /* AppDelegate.swift in Sources */ = {isa = PBXBuildFile; fileRef = 6812953C1A5D864B003483A9 /* AppDelegate.swift */; };
		6812953F1A5D864B003483A9 /* ViewController.swift in Sources */ = {isa = PBXBuildFile; fileRef = 6812953E1A5D864B003483A9 /* ViewController.swift */; };
		681295421A5D864B003483A9 /* Main.storyboard in Resources */ = {isa = PBXBuildFile; fileRef = 681295401A5D864B003483A9 /* Main.storyboard */; };
		681295441A5D864B003483A9 /* Images.xcassets in Resources */ = {isa = PBXBuildFile; fileRef = 681295431A5D864B003483A9 /* Images.xcassets */; };
		681295471A5D864B003483A9 /* LaunchScreen.xib in Resources */ = {isa = PBXBuildFile; fileRef = 681295451A5D864B003483A9 /* LaunchScreen.xib */; };
		681295531A5D864B003483A9 /* TwitterClientTests.swift in Sources */ = {isa = PBXBuildFile; fileRef = 681295521A5D864B003483A9 /* TwitterClientTests.swift */; };
/* End PBXBuildFile section */

/* Begin PBXContainerItemProxy section */
		6812954D1A5D864B003483A9 /* PBXContainerItemProxy */ = {
			isa = PBXContainerItemProxy;
			containerPortal = 6812952F1A5D864B003483A9 /* Project object */;
			proxyType = 1;
			remoteGlobalIDString = 681295361A5D864B003483A9;
			remoteInfo = TwitterClient;
		};
/* End PBXContainerItemProxy section */

/* Begin PBXFileReference section */
		681295371A5D864B003483A9 /* TwitterClient.app */ = {isa = PBXFileReference; explicitFileType = wrapper.application; includeInIndex = 0; path = TwitterClient.app; sourceTree = BUILT_PRODUCTS_DIR; };
		6812953B1A5D864B003483A9 /* Info.plist */ = {isa = PBXFileReference; lastKnownFileType = text.plist.xml; path = Info.plist; sourceTree = "<group>"; };
		6812953C1A5D864B003483A9 /* AppDelegate.swift */ = {isa = PBXFileReference; lastKnownFileType = sourcecode.swift; path = AppDelegate.swift; sourceTree = "<group>"; };
		6812953E1A5D864B003483A9 /* ViewController.swift */ = {isa = PBXFileReference; lastKnownFileType = sourcecode.swift; path = ViewController.swift; sourceTree = "<group>"; };
		681295411A5D864B003483A9 /* Base */ = {isa = PBXFileReference; lastKnownFileType = file.storyboard; name = Base; path = Base.lproj/Main.storyboard; sourceTree = "<group>"; };
		681295431A5D864B003483A9 /* Images.xcassets */ = {isa = PBXFileReference; lastKnownFileType = folder.assetcatalog; path = Images.xcassets; sourceTree = "<group>"; };
		681295461A5D864B003483A9 /* Base */ = {isa = PBXFileReference; lastKnownFileType = file.xib; name = Base; path = Base.lproj/LaunchScreen.xib; sourceTree = "<group>"; };
		6812954C1A5D864B003483A9 /* TwitterClientTests.xctest */ = {isa = PBXFileReference; explicitFileType = wrapper.cfbundle; includeInIndex = 0; path = TwitterClientTests.xctest; sourceTree = BUILT_PRODUCTS_DIR; };
		681295511A5D864B003483A9 /* Info.plist */ = {isa = PBXFileReference; lastKnownFileType = text.plist.xml; path = Info.plist; sourceTree = "<group>"; };
		681295521A5D864B003483A9 /* TwitterClientTests.swift */ = {isa = PBXFileReference; lastKnownFileType = sourcecode.swift; path = TwitterClientTests.swift; sourceTree = "<group>"; };
/* End PBXFileReference section */

/* Begin PBXFrameworksBuildPhase section */
		681295341A5D864B003483A9 /* Frameworks */ = {
			isa = PBXFrameworksBuildPhase;
			buildActionMask = 2147483647;
			files = (
			);
			runOnlyForDeploymentPostprocessing = 0;
		};
		681295491A5D864B003483A9 /* Frameworks */ = {
			isa = PBXFrameworksBuildPhase;
			buildActionMask = 2147483647;
			files = (
			);
			runOnlyForDeploymentPostprocessing = 0;
		};
/* End PBXFrameworksBuildPhase section */

/* Begin PBXGroup section */
		6812952E1A5D864B003483A9 = {
			isa = PBXGroup;
			children = (
				681295391A5D864B003483A9 /* TwitterClient */,
				6812954F1A5D864B003483A9 /* TwitterClientTests */,
				681295381A5D864B003483A9 /* Products */,
			);
			sourceTree = "<group>";
		};
		681295381A5D864B003483A9 /* Products */ = {
			isa = PBXGroup;
			children = (
				681295371A5D864B003483A9 /* TwitterClient.app */,
				6812954C1A5D864B003483A9 /* TwitterClientTests.xctest */,
			);
			name = Products;
			sourceTree = "<group>";
		};
		681295391A5D864B003483A9 /* TwitterClient */ = {
			isa = PBXGroup;
			children = (
				6812953C1A5D864B003483A9 /* AppDelegate.swift */,
				6812953E1A5D864B003483A9 /* ViewController.swift */,
				681295401A5D864B003483A9 /* Main.storyboard */,
				681295431A5D864B003483A9 /* Images.xcassets */,
				681295451A5D864B003483A9 /* LaunchScreen.xib */,
				6812953A1A5D864B003483A9 /* Supporting Files */,
			);
			path = TwitterClient;
			sourceTree = "<group>";
		};
		6812953A1A5D864B003483A9 /* Supporting Files */ = {
			isa = PBXGroup;
			children = (
				6812953B1A5D864B003483A9 /* Info.plist */,
			);
			name = "Supporting Files";
			sourceTree = "<group>";
		};
		6812954F1A5D864B003483A9 /* TwitterClientTests */ = {
			isa = PBXGroup;
			children = (
				681295521A5D864B003483A9 /* TwitterClientTests.swift */,
				681295501A5D864B003483A9 /* Supporting Files */,
			);
			path = TwitterClientTests;
			sourceTree = "<group>";
		};
		681295501A5D864B003483A9 /* Supporting Files */ = {
			isa = PBXGroup;
			children = (
				681295511A5D864B003483A9 /* Info.plist */,
			);
			name = "Supporting Files";
			sourceTree = "<group>";
		};
/* End PBXGroup section */

/* Begin PBXNativeTarget section */
		681295361A5D864B003483A9 /* TwitterClient */ = {
			isa = PBXNativeTarget;
			buildConfigurationList = 681295561A5D864B003483A9 /* Build configuration list for PBXNativeTarget "TwitterClient" */;
			buildPhases = (
				681295331A5D864B003483A9 /* Sources */,
				681295341A5D864B003483A9 /* Frameworks */,
				681295351A5D864B003483A9 /* Resources */,
			);
			buildRules = (
			);
			dependencies = (
			);
			name = TwitterClient;
			productName = TwitterClient;
			productReference = 681295371A5D864B003483A9 /* TwitterClient.app */;
			productType = "com.apple.product-type.application";
		};
		6812954B1A5D864B003483A9 /* TwitterClientTests */ = {
			isa = PBXNativeTarget;
			buildConfigurationList = 681295591A5D864B003483A9 /* Build configuration list for PBXNativeTarget "TwitterClientTests" */;
			buildPhases = (
				681295481A5D864B003483A9 /* Sources */,
				681295491A5D864B003483A9 /* Frameworks */,
				6812954A1A5D864B003483A9 /* Resources */,
			);
			buildRules = (
			);
			dependencies = (
				6812954E1A5D864B003483A9 /* PBXTargetDependency */,
			);
			name = TwitterClientTests;
			productName = TwitterClientTests;
			productReference = 6812954C1A5D864B003483A9 /* TwitterClientTests.xctest */;
			productType = "com.apple.product-type.bundle.unit-test";
		};
/* End PBXNativeTarget section */

/* Begin PBXProject section */
		6812952F1A5D864B003483A9 /* Project object */ = {
			isa = PBXProject;
			attributes = {
				LastUpgradeCheck = 0610;
				ORGANIZATIONNAME = "姜 修章";
				TargetAttributes = {
					681295361A5D864B003483A9 = {
						CreatedOnToolsVersion = 6.1.1;
					};
					6812954B1A5D864B003483A9 = {
						CreatedOnToolsVersion = 6.1.1;
						TestTargetID = 681295361A5D864B003483A9;
					};
				};
			};
			buildConfigurationList = 681295321A5D864B003483A9 /* Build configuration list for PBXProject "TwitterClient" */;
			compatibilityVersion = "Xcode 3.2";
			developmentRegion = English;
			hasScannedForEncodings = 0;
			knownRegions = (
				en,
				Base,
			);
			mainGroup = 6812952E1A5D864B003483A9;
			productRefGroup = 681295381A5D864B003483A9 /* Products */;
			projectDirPath = "";
			projectRoot = "";
			targets = (
				681295361A5D864B003483A9 /* TwitterClient */,
				6812954B1A5D864B003483A9 /* TwitterClientTests */,
			);
		};
/* End PBXProject section */

/* Begin PBXResourcesBuildPhase section */
		681295351A5D864B003483A9 /* Resources */ = {
			isa = PBXResourcesBuildPhase;
			buildActionMask = 2147483647;
			files = (
				681295421A5D864B003483A9 /* Main.storyboard in Resources */,
				681295471A5D864B003483A9 /* LaunchScreen.xib in Resources */,
				681295441A5D864B003483A9 /* Images.xcassets in Resources */,
			);
			runOnlyForDeploymentPostprocessing = 0;
		};
		6812954A1A5D864B003483A9 /* Resources */ = {
			isa = PBXResourcesBuildPhase;
			buildActionMask = 2147483647;
			files = (
			);
			runOnlyForDeploymentPostprocessing = 0;
		};
/* End PBXResourcesBuildPhase section */

/* Begin PBXSourcesBuildPhase section */
		681295331A5D864B003483A9 /* Sources */ = {
			isa = PBXSourcesBuildPhase;
			buildActionMask = 2147483647;
			files = (
				6812953F1A5D864B003483A9 /* ViewController.swift in Sources */,
				6812953D1A5D864B003483A9 /* AppDelegate.swift in Sources */,
			);
			runOnlyForDeploymentPostprocessing = 0;
		};
		681295481A5D864B003483A9 /* Sources */ = {
			isa = PBXSourcesBuildPhase;
			buildActionMask = 2147483647;
			files = (
				681295531A5D864B003483A9 /* TwitterClientTests.swift in Sources */,
			);
			runOnlyForDeploymentPostprocessing = 0;
		};
/* End PBXSourcesBuildPhase section */

/* Begin PBXTargetDependency section */
		6812954E1A5D864B003483A9 /* PBXTargetDependency */ = {
			isa = PBXTargetDependency;
			target = 681295361A5D864B003483A9 /* TwitterClient */;
			targetProxy = 6812954D1A5D864B003483A9 /* PBXContainerItemProxy */;
		};
/* End PBXTargetDependency section */

/* Begin PBXVariantGroup section */
		681295401A5D864B003483A9 /* Main.storyboard */ = {
			isa = PBXVariantGroup;
			children = (
				681295411A5D864B003483A9 /* Base */,
			);
			name = Main.storyboard;
			sourceTree = "<group>";
		};
		681295451A5D864B003483A9 /* LaunchScreen.xib */ = {
			isa = PBXVariantGroup;
			children = (
				681295461A5D864B003483A9 /* Base */,
			);
			name = LaunchScreen.xib;
			sourceTree = "<group>";
		};
/* End PBXVariantGroup section */

/* Begin XCBuildConfiguration section */
		681295541A5D864B003483A9 /* Debug */ = {
			isa = XCBuildConfiguration;
			buildSettings = {
				ALWAYS_SEARCH_USER_PATHS = NO;
				CLANG_CXX_LANGUAGE_STANDARD = "gnu++0x";
				CLANG_CXX_LIBRARY = "libc++";
				CLANG_ENABLE_MODULES = YES;
				CLANG_ENABLE_OBJC_ARC = YES;
				CLANG_WARN_BOOL_CONVERSION = YES;
				CLANG_WARN_CONSTANT_CONVERSION = YES;
				CLANG_WARN_DIRECT_OBJC_ISA_USAGE = YES_ERROR;
				CLANG_WARN_EMPTY_BODY = YES;
				CLANG_WARN_ENUM_CONVERSION = YES;
				CLANG_WARN_INT_CONVERSION = YES;
				CLANG_WARN_OBJC_ROOT_CLASS = YES_ERROR;
				CLANG_WARN_UNREACHABLE_CODE = YES;
				CLANG_WARN__DUPLICATE_METHOD_MATCH = YES;
				"CODE_SIGN_IDENTITY[sdk=iphoneos*]" = "iPhone Developer";
				COPY_PHASE_STRIP = NO;
				ENABLE_STRICT_OBJC_MSGSEND = YES;
				GCC_C_LANGUAGE_STANDARD = gnu99;
				GCC_DYNAMIC_NO_PIC = NO;
				GCC_OPTIMIZATION_LEVEL = 0;
				GCC_PREPROCESSOR_DEFINITIONS = (
					"DEBUG=1",
					"$(inherited)",
				);
				GCC_SYMBOLS_PRIVATE_EXTERN = NO;
				GCC_WARN_64_TO_32_BIT_CONVERSION = YES;
				GCC_WARN_ABOUT_RETURN_TYPE = YES_ERROR;
				GCC_WARN_UNDECLARED_SELECTOR = YES;
				GCC_WARN_UNINITIALIZED_AUTOS = YES_AGGRESSIVE;
				GCC_WARN_UNUSED_FUNCTION = YES;
				GCC_WARN_UNUSED_VARIABLE = YES;
				IPHONEOS_DEPLOYMENT_TARGET = 8.1;
				MTL_ENABLE_DEBUG_INFO = YES;
				ONLY_ACTIVE_ARCH = YES;
				SDKROOT = iphoneos;
				SWIFT_OPTIMIZATION_LEVEL = "-Onone";
				TARGETED_DEVICE_FAMILY = "1,2";
			};
			name = Debug;
		};
		681295551A5D864B003483A9 /* Release */ = {
			isa = XCBuildConfiguration;
			buildSettings = {
				ALWAYS_SEARCH_USER_PATHS = NO;
				CLANG_CXX_LANGUAGE_STANDARD = "gnu++0x";
				CLANG_CXX_LIBRARY = "libc++";
				CLANG_ENABLE_MODULES = YES;
				CLANG_ENABLE_OBJC_ARC = YES;
				CLANG_WARN_BOOL_CONVERSION = YES;
				CLANG_WARN_CONSTANT_CONVERSION = YES;
				CLANG_WARN_DIRECT_OBJC_ISA_USAGE = YES_ERROR;
				CLANG_WARN_EMPTY_BODY = YES;
				CLANG_WARN_ENUM_CONVERSION = YES;
				CLANG_WARN_INT_CONVERSION = YES;
				CLANG_WARN_OBJC_ROOT_CLASS = YES_ERROR;
				CLANG_WARN_UNREACHABLE_CODE = YES;
				CLANG_WARN__DUPLICATE_METHOD_MATCH = YES;
				"CODE_SIGN_IDENTITY[sdk=iphoneos*]" = "iPhone Developer";
				COPY_PHASE_STRIP = YES;
				ENABLE_NS_ASSERTIONS = NO;
				ENABLE_STRICT_OBJC_MSGSEND = YES;
				GCC_C_LANGUAGE_STANDARD = gnu99;
				GCC_WARN_64_TO_32_BIT_CONVERSION = YES;
				GCC_WARN_ABOUT_RETURN_TYPE = YES_ERROR;
				GCC_WARN_UNDECLARED_SELECTOR = YES;
				GCC_WARN_UNINITIALIZED_AUTOS = YES_AGGRESSIVE;
				GCC_WARN_UNUSED_FUNCTION = YES;
				GCC_WARN_UNUSED_VARIABLE = YES;
				IPHONEOS_DEPLOYMENT_TARGET = 8.1;
				MTL_ENABLE_DEBUG_INFO = NO;
				SDKROOT = iphoneos;
				TARGETED_DEVICE_FAMILY = "1,2";
				VALIDATE_PRODUCT = YES;
			};
			name = Release;
		};
		681295571A5D864B003483A9 /* Debug */ = {
			isa = XCBuildConfiguration;
			buildSettings = {
				ASSETCATALOG_COMPILER_APPICON_NAME = AppIcon;
				INFOPLIST_FILE = TwitterClient/Info.plist;
				LD_RUNPATH_SEARCH_PATHS = "$(inherited) @executable_path/Frameworks";
				PRODUCT_NAME = "$(TARGET_NAME)";
			};
			name = Debug;
		};
		681295581A5D864B003483A9 /* Release */ = {
			isa = XCBuildConfiguration;
			buildSettings = {
				ASSETCATALOG_COMPILER_APPICON_NAME = AppIcon;
				INFOPLIST_FILE = TwitterClient/Info.plist;
				LD_RUNPATH_SEARCH_PATHS = "$(inherited) @executable_path/Frameworks";
				PRODUCT_NAME = "$(TARGET_NAME)";
			};
			name = Release;
		};
		6812955A1A5D864B003483A9 /* Debug */ = {
			isa = XCBuildConfiguration;
			buildSettings = {
				BUNDLE_LOADER = "$(TEST_HOST)";
				FRAMEWORK_SEARCH_PATHS = (
					"$(SDKROOT)/Developer/Library/Frameworks",
					"$(inherited)",
				);
				GCC_PREPROCESSOR_DEFINITIONS = (
					"DEBUG=1",
					"$(inherited)",
				);
				INFOPLIST_FILE = TwitterClientTests/Info.plist;
				LD_RUNPATH_SEARCH_PATHS = "$(inherited) @executable_path/Frameworks @loader_path/Frameworks";
				PRODUCT_NAME = "$(TARGET_NAME)";
				TEST_HOST = "$(BUILT_PRODUCTS_DIR)/TwitterClient.app/TwitterClient";
			};
			name = Debug;
		};
		6812955B1A5D864B003483A9 /* Release */ = {
			isa = XCBuildConfiguration;
			buildSettings = {
				BUNDLE_LOADER = "$(TEST_HOST)";
				FRAMEWORK_SEARCH_PATHS = (
					"$(SDKROOT)/Developer/Library/Frameworks",
					"$(inherited)",
				);
				INFOPLIST_FILE = TwitterClientTests/Info.plist;
				LD_RUNPATH_SEARCH_PATHS = "$(inherited) @executable_path/Frameworks @loader_path/Frameworks";
				PRODUCT_NAME = "$(TARGET_NAME)";
				TEST_HOST = "$(BUILT_PRODUCTS_DIR)/TwitterClient.app/TwitterClient";
			};
			name = Release;
		};
/* End XCBuildConfiguration section */

/* Begin XCConfigurationList section */
		681295321A5D864B003483A9 /* Build configuration list for PBXProject "TwitterClient" */ = {
			isa = XCConfigurationList;
			buildConfigurations = (
				681295541A5D864B003483A9 /* Debug */,
				681295551A5D864B003483A9 /* Release */,
			);
			defaultConfigurationIsVisible = 0;
			defaultConfigurationName = Release;
		};
		681295561A5D864B003483A9 /* Build configuration list for PBXNativeTarget "TwitterClient" */ = {
			isa = XCConfigurationList;
			buildConfigurations = (
				681295571A5D864B003483A9 /* Debug */,
				681295581A5D864B003483A9 /* Release */,
			);
			defaultConfigurationIsVisible = 0;
		};
		681295591A5D864B003483A9 /* Build configuration list for PBXNativeTarget "TwitterClientTests" */ = {
			isa = XCConfigurationList;
			buildConfigurations = (
				6812955A1A5D864B003483A9 /* Debug */,
				6812955B1A5D864B003483A9 /* Release */,
			);
			defaultConfigurationIsVisible = 0;
		};
/* End XCConfigurationList section */
	};
	rootObject = 6812952F1A5D864B003483A9 /* Project object */;
}
